// !$*UTF8*$!
{
	archiveVersion = 1;
	classes = {
	};
	objectVersion = 56;
	objects = {

/* Begin PBXBuildFile section */
		C167A12B2A4D38B90033B2AC /* AppDelegate.swift in Sources */ = {isa = PBXBuildFile; fileRef = C167A12A2A4D38B90033B2AC /* AppDelegate.swift */; };
		C167A12D2A4D38B90033B2AC /* SceneDelegate.swift in Sources */ = {isa = PBXBuildFile; fileRef = C167A12C2A4D38B90033B2AC /* SceneDelegate.swift */; };
		C167A12F2A4D38B90033B2AC /* MainViewController.swift in Sources */ = {isa = PBXBuildFile; fileRef = C167A12E2A4D38B90033B2AC /* MainViewController.swift */; };
		C167A1342A4D38BB0033B2AC /* Assets.xcassets in Resources */ = {isa = PBXBuildFile; fileRef = C167A1332A4D38BB0033B2AC /* Assets.xcassets */; };
		C167A1372A4D38BB0033B2AC /* LaunchScreen.storyboard in Resources */ = {isa = PBXBuildFile; fileRef = C167A1352A4D38BB0033B2AC /* LaunchScreen.storyboard */; };
		C167A1412A4D858B0033B2AC /* TabBarController.swift in Sources */ = {isa = PBXBuildFile; fileRef = C167A1402A4D858B0033B2AC /* TabBarController.swift */; };
/* End PBXBuildFile section */

/* Begin PBXFileReference section */
		C167A1272A4D38B90033B2AC /* START-HW14-Baqytzhanuly Almaz.app */ = {isa = PBXFileReference; explicitFileType = wrapper.application; includeInIndex = 0; path = "START-HW14-Baqytzhanuly Almaz.app"; sourceTree = BUILT_PRODUCTS_DIR; };
		C167A12A2A4D38B90033B2AC /* AppDelegate.swift */ = {isa = PBXFileReference; lastKnownFileType = sourcecode.swift; path = AppDelegate.swift; sourceTree = "<group>"; };
		C167A12C2A4D38B90033B2AC /* SceneDelegate.swift */ = {isa = PBXFileReference; lastKnownFileType = sourcecode.swift; path = SceneDelegate.swift; sourceTree = "<group>"; };
		C167A12E2A4D38B90033B2AC /* MainViewController.swift */ = {isa = PBXFileReference; lastKnownFileType = sourcecode.swift; path = MainViewController.swift; sourceTree = "<group>"; };
		C167A1332A4D38BB0033B2AC /* Assets.xcassets */ = {isa = PBXFileReference; lastKnownFileType = folder.assetcatalog; path = Assets.xcassets; sourceTree = "<group>"; };
		C167A1362A4D38BB0033B2AC /* Base */ = {isa = PBXFileReference; lastKnownFileType = file.storyboard; name = Base; path = Base.lproj/LaunchScreen.storyboard; sourceTree = "<group>"; };
		C167A1382A4D38BB0033B2AC /* Info.plist */ = {isa = PBXFileReference; lastKnownFileType = text.plist.xml; path = Info.plist; sourceTree = "<group>"; };
		C167A1402A4D858B0033B2AC /* TabBarController.swift */ = {isa = PBXFileReference; lastKnownFileType = sourcecode.swift; path = TabBarController.swift; sourceTree = "<group>"; };
/* End PBXFileReference section */

/* Begin PBXFrameworksBuildPhase section */
		C167A1242A4D38B90033B2AC /* Frameworks */ = {
			isa = PBXFrameworksBuildPhase;
			buildActionMask = 2147483647;
			files = (
			);
			runOnlyForDeploymentPostprocessing = 0;
		};
/* End PBXFrameworksBuildPhase section */

/* Begin PBXGroup section */
		C167A11E2A4D38B90033B2AC = {
			isa = PBXGroup;
			children = (
				C167A1292A4D38B90033B2AC /* START-HW14-Baqytzhanuly Almaz */,
				C167A1282A4D38B90033B2AC /* Products */,
			);
			sourceTree = "<group>";
		};
		C167A1282A4D38B90033B2AC /* Products */ = {
			isa = PBXGroup;
			children = (
				C167A1272A4D38B90033B2AC /* START-HW14-Baqytzhanuly Almaz.app */,
			);
			name = Products;
			sourceTree = "<group>";
		};
		C167A1292A4D38B90033B2AC /* START-HW14-Baqytzhanuly Almaz */ = {
			isa = PBXGroup;
			children = (
				C167A1462A4D90690033B2AC /* Sources */,
				C167A1452A4D904A0033B2AC /* Resources */,
			);
			path = "START-HW14-Baqytzhanuly Almaz";
			sourceTree = "<group>";
		};
		C167A1422A4D8FB50033B2AC /* Controllers */ = {
			isa = PBXGroup;
			children = (
				C167A12E2A4D38B90033B2AC /* MainViewController.swift */,
				C167A1402A4D858B0033B2AC /* TabBarController.swift */,
			);
			path = Controllers;
			sourceTree = "<group>";
		};
		C167A1442A4D900E0033B2AC /* Configuration */ = {
			isa = PBXGroup;
			children = (
				C167A1382A4D38BB0033B2AC /* Info.plist */,
			);
			path = Configuration;
			sourceTree = "<group>";
		};
		C167A1452A4D904A0033B2AC /* Resources */ = {
			isa = PBXGroup;
			children = (
				C167A1332A4D38BB0033B2AC /* Assets.xcassets */,
				C167A1442A4D900E0033B2AC /* Configuration */,
			);
			path = Resources;
			sourceTree = "<group>";
		};
		C167A1462A4D90690033B2AC /* Sources */ = {
			isa = PBXGroup;
			children = (
				C167A1482A4D90E00033B2AC /* App & SceneDelegate */,
				C167A1422A4D8FB50033B2AC /* Controllers */,
				C167A1472A4D90B70033B2AC /* Storyboards */,
			);
			path = Sources;
			sourceTree = "<group>";
		};
		C167A1472A4D90B70033B2AC /* Storyboards */ = {
			isa = PBXGroup;
			children = (
				C167A1352A4D38BB0033B2AC /* LaunchScreen.storyboard */,
			);
			path = Storyboards;
			sourceTree = "<group>";
		};
		C167A1482A4D90E00033B2AC /* App & SceneDelegate */ = {
			isa = PBXGroup;
			children = (
				C167A12A2A4D38B90033B2AC /* AppDelegate.swift */,
				C167A12C2A4D38B90033B2AC /* SceneDelegate.swift */,
			);
			path = "App & SceneDelegate";
			sourceTree = "<group>";
		};
/* End PBXGroup section */

/* Begin PBXNativeTarget section */
		C167A1262A4D38B90033B2AC /* START-HW14-Baqytzhanuly Almaz */ = {
			isa = PBXNativeTarget;
			buildConfigurationList = C167A13B2A4D38BB0033B2AC /* Build configuration list for PBXNativeTarget "START-HW14-Baqytzhanuly Almaz" */;
			buildPhases = (
				C167A1232A4D38B90033B2AC /* Sources */,
				C167A1242A4D38B90033B2AC /* Frameworks */,
				C167A1252A4D38B90033B2AC /* Resources */,
			);
			buildRules = (
			);
			dependencies = (
			);
			name = "START-HW14-Baqytzhanuly Almaz";
			productName = "START-HW14-Baqytzhanuly Almaz";
			productReference = C167A1272A4D38B90033B2AC /* START-HW14-Baqytzhanuly Almaz.app */;
			productType = "com.apple.product-type.application";
		};
/* End PBXNativeTarget section */

/* Begin PBXProject section */
		C167A11F2A4D38B90033B2AC /* Project object */ = {
			isa = PBXProject;
			attributes = {
				BuildIndependentTargetsInParallel = 1;
				LastSwiftUpdateCheck = 1400;
				LastUpgradeCheck = 1400;
				TargetAttributes = {
					C167A1262A4D38B90033B2AC = {
						CreatedOnToolsVersion = 14.0.1;
					};
				};
			};
			buildConfigurationList = C167A1222A4D38B90033B2AC /* Build configuration list for PBXProject "START-HW14-Baqytzhanuly Almaz" */;
			compatibilityVersion = "Xcode 14.0";
			developmentRegion = en;
			hasScannedForEncodings = 0;
			knownRegions = (
				en,
				Base,
			);
			mainGroup = C167A11E2A4D38B90033B2AC;
			productRefGroup = C167A1282A4D38B90033B2AC /* Products */;
			projectDirPath = "";
			projectRoot = "";
			targets = (
				C167A1262A4D38B90033B2AC /* START-HW14-Baqytzhanuly Almaz */,
			);
		};
/* End PBXProject section */

/* Begin PBXResourcesBuildPhase section */
		C167A1252A4D38B90033B2AC /* Resources */ = {
			isa = PBXResourcesBuildPhase;
			buildActionMask = 2147483647;
			files = (
				C167A1372A4D38BB0033B2AC /* LaunchScreen.storyboard in Resources */,
				C167A1342A4D38BB0033B2AC /* Assets.xcassets in Resources */,
			);
			runOnlyForDeploymentPostprocessing = 0;
		};
/* End PBXResourcesBuildPhase section */

/* Begin PBXSourcesBuildPhase section */
		C167A1232A4D38B90033B2AC /* Sources */ = {
			isa = PBXSourcesBuildPhase;
			buildActionMask = 2147483647;
			files = (
				C167A12F2A4D38B90033B2AC /* MainViewController.swift in Sources */,
				C167A1412A4D858B0033B2AC /* TabBarController.swift in Sources */,
				C167A12B2A4D38B90033B2AC /* AppDelegate.swift in Sources */,
				C167A12D2A4D38B90033B2AC /* SceneDelegate.swift in Sources */,
			);
			runOnlyForDeploymentPostprocessing = 0;
		};
/* End PBXSourcesBuildPhase section */

/* Begin PBXVariantGroup section */
		C167A1352A4D38BB0033B2AC /* LaunchScreen.storyboard */ = {
			isa = PBXVariantGroup;
			children = (
				C167A1362A4D38BB0033B2AC /* Base */,
			);
			name = LaunchScreen.storyboard;
			sourceTree = "<group>";
		};
/* End PBXVariantGroup section */

/* Begin XCBuildConfiguration section */
		C167A1392A4D38BB0033B2AC /* Debug */ = {
			isa = XCBuildConfiguration;
			buildSettings = {
				ALWAYS_SEARCH_USER_PATHS = NO;
				CLANG_ANALYZER_NONNULL = YES;
				CLANG_ANALYZER_NUMBER_OBJECT_CONVERSION = YES_AGGRESSIVE;
				CLANG_CXX_LANGUAGE_STANDARD = "gnu++20";
				CLANG_ENABLE_MODULES = YES;
				CLANG_ENABLE_OBJC_ARC = YES;
				CLANG_ENABLE_OBJC_WEAK = YES;
				CLANG_WARN_BLOCK_CAPTURE_AUTORELEASING = YES;
				CLANG_WARN_BOOL_CONVERSION = YES;
				CLANG_WARN_COMMA = YES;
				CLANG_WARN_CONSTANT_CONVERSION = YES;
				CLANG_WARN_DEPRECATED_OBJC_IMPLEMENTATIONS = YES;
				CLANG_WARN_DIRECT_OBJC_ISA_USAGE = YES_ERROR;
				CLANG_WARN_DOCUMENTATION_COMMENTS = YES;
				CLANG_WARN_EMPTY_BODY = YES;
				CLANG_WARN_ENUM_CONVERSION = YES;
				CLANG_WARN_INFINITE_RECURSION = YES;
				CLANG_WARN_INT_CONVERSION = YES;
				CLANG_WARN_NON_LITERAL_NULL_CONVERSION = YES;
				CLANG_WARN_OBJC_IMPLICIT_RETAIN_SELF = YES;
				CLANG_WARN_OBJC_LITERAL_CONVERSION = YES;
				CLANG_WARN_OBJC_ROOT_CLASS = YES_ERROR;
				CLANG_WARN_QUOTED_INCLUDE_IN_FRAMEWORK_HEADER = YES;
				CLANG_WARN_RANGE_LOOP_ANALYSIS = YES;
				CLANG_WARN_STRICT_PROTOTYPES = YES;
				CLANG_WARN_SUSPICIOUS_MOVE = YES;
				CLANG_WARN_UNGUARDED_AVAILABILITY = YES_AGGRESSIVE;
				CLANG_WARN_UNREACHABLE_CODE = YES;
				CLANG_WARN__DUPLICATE_METHOD_MATCH = YES;
				COPY_PHASE_STRIP = NO;
				DEBUG_INFORMATION_FORMAT = dwarf;
				ENABLE_STRICT_OBJC_MSGSEND = YES;
				ENABLE_TESTABILITY = YES;
				GCC_C_LANGUAGE_STANDARD = gnu11;
				GCC_DYNAMIC_NO_PIC = NO;
				GCC_NO_COMMON_BLOCKS = YES;
				GCC_OPTIMIZATION_LEVEL = 0;
				GCC_PREPROCESSOR_DEFINITIONS = (
					"DEBUG=1",
					"$(inherited)",
				);
				GCC_WARN_64_TO_32_BIT_CONVERSION = YES;
				GCC_WARN_ABOUT_RETURN_TYPE = YES_ERROR;
				GCC_WARN_UNDECLARED_SELECTOR = YES;
				GCC_WARN_UNINITIALIZED_AUTOS = YES_AGGRESSIVE;
				GCC_WARN_UNUSED_FUNCTION = YES;
				GCC_WARN_UNUSED_VARIABLE = YES;
				IPHONEOS_DEPLOYMENT_TARGET = 16.0;
				MTL_ENABLE_DEBUG_INFO = INCLUDE_SOURCE;
				MTL_FAST_MATH = YES;
				ONLY_ACTIVE_ARCH = YES;
				SDKROOT = iphoneos;
				SWIFT_ACTIVE_COMPILATION_CONDITIONS = DEBUG;
				SWIFT_OPTIMIZATION_LEVEL = "-Onone";
			};
			name = Debug;
		};
		C167A13A2A4D38BB0033B2AC /* Release */ = {
			isa = XCBuildConfiguration;
			buildSettings = {
				ALWAYS_SEARCH_USER_PATHS = NO;
				CLANG_ANALYZER_NONNULL = YES;
				CLANG_ANALYZER_NUMBER_OBJECT_CONVERSION = YES_AGGRESSIVE;
				CLANG_CXX_LANGUAGE_STANDARD = "gnu++20";
				CLANG_ENABLE_MODULES = YES;
				CLANG_ENABLE_OBJC_ARC = YES;
				CLANG_ENABLE_OBJC_WEAK = YES;
				CLANG_WARN_BLOCK_CAPTURE_AUTORELEASING = YES;
				CLANG_WARN_BOOL_CONVERSION = YES;
				CLANG_WARN_COMMA = YES;
				CLANG_WARN_CONSTANT_CONVERSION = YES;
				CLANG_WARN_DEPRECATED_OBJC_IMPLEMENTATIONS = YES;
				CLANG_WARN_DIRECT_OBJC_ISA_USAGE = YES_ERROR;
				CLANG_WARN_DOCUMENTATION_COMMENTS = YES;
				CLANG_WARN_EMPTY_BODY = YES;
				CLANG_WARN_ENUM_CONVERSION = YES;
				CLANG_WARN_INFINITE_RECURSION = YES;
				CLANG_WARN_INT_CONVERSION = YES;
				CLANG_WARN_NON_LITERAL_NULL_CONVERSION = YES;
				CLANG_WARN_OBJC_IMPLICIT_RETAIN_SELF = YES;
				CLANG_WARN_OBJC_LITERAL_CONVERSION = YES;
				CLANG_WARN_OBJC_ROOT_CLASS = YES_ERROR;
				CLANG_WARN_QUOTED_INCLUDE_IN_FRAMEWORK_HEADER = YES;
				CLANG_WARN_RANGE_LOOP_ANALYSIS = YES;
				CLANG_WARN_STRICT_PROTOTYPES = YES;
				CLANG_WARN_SUSPICIOUS_MOVE = YES;
				CLANG_WARN_UNGUARDED_AVAILABILITY = YES_AGGRESSIVE;
				CLANG_WARN_UNREACHABLE_CODE = YES;
				CLANG_WARN__DUPLICATE_METHOD_MATCH = YES;
				COPY_PHASE_STRIP = NO;
				DEBUG_INFORMATION_FORMAT = "dwarf-with-dsym";
				ENABLE_NS_ASSERTIONS = NO;
				ENABLE_STRICT_OBJC_MSGSEND = YES;
				GCC_C_LANGUAGE_STANDARD = gnu11;
				GCC_NO_COMMON_BLOCKS = YES;
				GCC_WARN_64_TO_32_BIT_CONVERSION = YES;
				GCC_WARN_ABOUT_RETURN_TYPE = YES_ERROR;
				GCC_WARN_UNDECLARED_SELECTOR = YES;
				GCC_WARN_UNINITIALIZED_AUTOS = YES_AGGRESSIVE;
				GCC_WARN_UNUSED_FUNCTION = YES;
				GCC_WARN_UNUSED_VARIABLE = YES;
				IPHONEOS_DEPLOYMENT_TARGET = 16.0;
				MTL_ENABLE_DEBUG_INFO = NO;
				MTL_FAST_MATH = YES;
				SDKROOT = iphoneos;
				SWIFT_COMPILATION_MODE = wholemodule;
				SWIFT_OPTIMIZATION_LEVEL = "-O";
				VALIDATE_PRODUCT = YES;
			};
			name = Release;
		};
		C167A13C2A4D38BB0033B2AC /* Debug */ = {
			isa = XCBuildConfiguration;
			buildSettings = {
				ASSETCATALOG_COMPILER_APPICON_NAME = AppIcon;
				ASSETCATALOG_COMPILER_GLOBAL_ACCENT_COLOR_NAME = AccentColor;
				CODE_SIGN_STYLE = Automatic;
				CURRENT_PROJECT_VERSION = 1;
				DEVELOPMENT_TEAM = Z3Z3K8J4CG;
				GENERATE_INFOPLIST_FILE = YES;
				INFOPLIST_FILE = "START-HW14-Baqytzhanuly Almaz/Info.plist";
				INFOPLIST_KEY_UIApplicationSupportsIndirectInputEvents = YES;
				INFOPLIST_KEY_UILaunchStoryboardName = LaunchScreen;
				INFOPLIST_KEY_UISupportedInterfaceOrientations_iPad = "UIInterfaceOrientationPortrait UIInterfaceOrientationPortraitUpsideDown UIInterfaceOrientationLandscapeLeft UIInterfaceOrientationLandscapeRight";
				INFOPLIST_KEY_UISupportedInterfaceOrientations_iPhone = "UIInterfaceOrientationPortrait UIInterfaceOrientationLandscapeLeft UIInterfaceOrientationLandscapeRight";
				LD_RUNPATH_SEARCH_PATHS = (
					"$(inherited)",
					"@executable_path/Frameworks",
				);
				MARKETING_VERSION = 1.0;
				PRODUCT_BUNDLE_IDENTIFIER = "allz.START-HW14-Baqytzhanuly-Almaz";
				PRODUCT_NAME = "$(TARGET_NAME)";
				SWIFT_EMIT_LOC_STRINGS = YES;
				SWIFT_VERSION = 5.0;
				TARGETED_DEVICE_FAMILY = "1,2";
			};
			name = Debug;
		};
		C167A13D2A4D38BB0033B2AC /* Release */ = {
			isa = XCBuildConfiguration;
			buildSettings = {
				ASSETCATALOG_COMPILER_APPICON_NAME = AppIcon;
				ASSETCATALOG_COMPILER_GLOBAL_ACCENT_COLOR_NAME = AccentColor;
				CODE_SIGN_STYLE = Automatic;
				CURRENT_PROJECT_VERSION = 1;
				DEVELOPMENT_TEAM = Z3Z3K8J4CG;
				GENERATE_INFOPLIST_FILE = YES;
				INFOPLIST_FILE = "START-HW14-Baqytzhanuly Almaz/Info.plist";
				INFOPLIST_KEY_UIApplicationSupportsIndirectInputEvents = YES;
				INFOPLIST_KEY_UILaunchStoryboardName = LaunchScreen;
				INFOPLIST_KEY_UISupportedInterfaceOrientations_iPad = "UIInterfaceOrientationPortrait UIInterfaceOrientationPortraitUpsideDown UIInterfaceOrientationLandscapeLeft UIInterfaceOrientationLandscapeRight";
				INFOPLIST_KEY_UISupportedInterfaceOrientations_iPhone = "UIInterfaceOrientationPortrait UIInterfaceOrientationLandscapeLeft UIInterfaceOrientationLandscapeRight";
				LD_RUNPATH_SEARCH_PATHS = (
					"$(inherited)",
					"@executable_path/Frameworks",
				);
				MARKETING_VERSION = 1.0;
				PRODUCT_BUNDLE_IDENTIFIER = "allz.START-HW14-Baqytzhanuly-Almaz";
				PRODUCT_NAME = "$(TARGET_NAME)";
				SWIFT_EMIT_LOC_STRINGS = YES;
				SWIFT_VERSION = 5.0;
				TARGETED_DEVICE_FAMILY = "1,2";
			};
			name = Release;
		};
/* End XCBuildConfiguration section */

/* Begin XCConfigurationList section */
		C167A1222A4D38B90033B2AC /* Build configuration list for PBXProject "START-HW14-Baqytzhanuly Almaz" */ = {
			isa = XCConfigurationList;
			buildConfigurations = (
				C167A1392A4D38BB0033B2AC /* Debug */,
				C167A13A2A4D38BB0033B2AC /* Release */,
			);
			defaultConfigurationIsVisible = 0;
			defaultConfigurationName = Release;
		};
		C167A13B2A4D38BB0033B2AC /* Build configuration list for PBXNativeTarget "START-HW14-Baqytzhanuly Almaz" */ = {
			isa = XCConfigurationList;
			buildConfigurations = (
				C167A13C2A4D38BB0033B2AC /* Debug */,
				C167A13D2A4D38BB0033B2AC /* Release */,
			);
			defaultConfigurationIsVisible = 0;
			defaultConfigurationName = Release;
		};
/* End XCConfigurationList section */
	};
	rootObject = C167A11F2A4D38B90033B2AC /* Project object */;
}
